
Microsoft Visual Studio Solution File, Format Version 12.00
# Visual Studio Version 17
VisualStudioVersion = 17.9.34902.65
MinimumVisualStudioVersion = 10.0.40219.1
Project("{8BC9CEB8-8B4A-11D0-8D11-00A0C91BC942}") = "APILTM", "APILTM\APILTM.vcxproj", "{BC2BD4A9-1703-4EDE-A143-18AA21B41AB9}"
EndProject
Project("{8BC9CEB8-8B4A-11D0-8D11-00A0C91BC942}") = "APIPlusSDKCXX", "..\APIPlusSDKCXX\APIPlusSDKCXX\APIPlusSDKCXX.vcxproj", "{EB82BEB9-BB04-4786-B276-1D76AC2CC137}"
EndProject
Project("{8BC9CEB8-8B4A-11D0-8D11-00A0C91BC942}") = "APISDKCXX", "..\APISDKCXX\APISDKCXX\APISDKCXX.vcxproj", "{60524504-14B3-4E9B-8954-1376C170EF61}"
EndProject
Project("{8BC9CEB8-8B4A-11D0-8D11-00A0C91BC942}") = "LMPSDKCXX", "..\LMPSDKCXX\LMPSDKCXX\LMPSDKCXX.vcxproj", "{D38DE3FE-1F2F-44EA-A3F9-C159431C1F4F}"
EndProject
Project("{8BC9CEB8-8B4A-11D0-8D11-00A0C91BC942}") = "QMessageCenter", "..\QMessageCenter\QMessageCenter\QMessageCenter.vcxproj", "{5B3DE252-EA68-44E3-B783-5F63CD920B15}"
EndProject
Project("{8BC9CEB8-8B4A-11D0-8D11-00A0C91BC942}") = "QPluginInterface", "..\QPluginManager\QPluginInterface\QPluginInterface.vcxproj", "{6109245D-0476-4A22-BA69-B38175E32B29}"
EndProject
Project("{8BC9CEB8-8B4A-11D0-8D11-00A0C91BC942}") = "QPluginManager", "..\QPluginManager\QPluginManager\QPluginManager.vcxproj", "{EA98EF0F-BDFE-47C3-8D37-60203985DAF9}"
EndProject
Project("{8BC9CEB8-8B4A-11D0-8D11-00A0C91BC942}") = "TimerPool", "..\TimerPool\TimerPool\TimerPool.vcxproj", "{DC5AC1BC-AF8B-477F-B057-1C24C3E8CE53}"
EndProject
Project("{8BC9CEB8-8B4A-11D0-8D11-00A0C91BC942}") = "TrackerAPIPlugin", "..\TrackerAPIPlugin\TrackerAPIPlugin\TrackerAPIPlugin.vcxproj", "{5FFB244B-F9C1-4306-AA1D-60B4BBF3DBFD}"
EndProject
Project("{8BC9CEB8-8B4A-11D0-8D11-00A0C91BC942}") = "TrackerAPIPlusPlugin", "..\TrackerAPIPlusPlugin\TrackerAPIPlusPlugin\TrackerAPIPlusPlugin.vcxproj", "{02480802-9958-45E7-8B6B-43BAF59669EA}"
EndProject
Project("{8BC9CEB8-8B4A-11D0-8D11-00A0C91BC942}") = "TrackerInterface", "..\TrackerInterface\TrackerInterface\TrackerInterface.vcxproj", "{8992B252-87CC-4B6D-965E-1787D0D0822A}"
EndProject
Project("{8BC9CEB8-8B4A-11D0-8D11-00A0C91BC942}") = "TrackerLKPlugin", "..\TrackerLKPlugin\TrackerLKPlugin\TrackerLKPlugin.vcxproj", "{1705B3FB-44D9-4FB2-AE46-03ACDAF4A3D9}"
EndProject
Project("{8BC9CEB8-8B4A-11D0-8D11-00A0C91BC942}") = "QComponents", "..\QComponents\QComponents\QComponents.vcxproj", "{D5F16896-B952-4089-9370-CBB95278A095}"
EndProject
Project("{8BC9CEB8-8B4A-11D0-8D11-00A0C91BC942}") = "QUtils", "..\QUtils\QUtils\QUtils.vcxproj", "{4D71BF2E-541A-4E75-A15B-960A03D242A1}"
EndProject
Project("{8BC9CEB8-8B4A-11D0-8D11-00A0C91BC942}") = "Toast", "..\Toast\Toast\Toast.vcxproj", "{6481E78A-2E78-4E65-B975-B908FD00D9D7}"
EndProject
Project("{8BC9CEB8-8B4A-11D0-8D11-00A0C91BC942}") = "TreeDiagram", "..\TreeDiagram\TreeDiagram\TreeDiagram.vcxproj", "{F9C18626-2D46-4A77-AD8B-9D8650F7D913}"
EndProject
Project("{8BC9CEB8-8B4A-11D0-8D11-00A0C91BC942}") = "Ado", "..\Ado\Ado\Ado.vcxproj", "{DA21A00B-BBA5-4E53-960F-F4D9F75FB5BD}"
EndProject
Project("{8BC9CEB8-8B4A-11D0-8D11-00A0C91BC942}") = "MetroinWrap", "..\Ado\MetroinWrap\MetroinWrap.vcxproj", "{04AE4451-53E2-489E-B99B-F8FB8DC3BAB1}"
EndProject
Project("{8BC9CEB8-8B4A-11D0-8D11-00A0C91BC942}") = "TrackerFilter", "..\TrackerFilter\TrackerFilter\TrackerFilter.vcxproj", "{46E31CBB-10E9-44EA-9001-36FDBF24E834}"
EndProject
Global
	GlobalSection(SolutionConfigurationPlatforms) = preSolution
		Debug|x64 = Debug|x64
		Debug|x86 = Debug|x86
		Qt5Debug|x64 = Qt5Debug|x64
		Qt5Debug|x86 = Qt5Debug|x86
		Qt5Release|x64 = Qt5Release|x64
		Qt5Release|x86 = Qt5Release|x86
		Release|x64 = Release|x64
		Release|x86 = Release|x86
	EndGlobalSection
	GlobalSection(ProjectConfigurationPlatforms) = postSolution
		{BC2BD4A9-1703-4EDE-A143-18AA21B41AB9}.Debug|x64.ActiveCfg = Debug|x64
		{BC2BD4A9-1703-4EDE-A143-18AA21B41AB9}.Debug|x64.Build.0 = Debug|x64
		{BC2BD4A9-1703-4EDE-A143-18AA21B41AB9}.Debug|x86.ActiveCfg = Debug|x64
		{BC2BD4A9-1703-4EDE-A143-18AA21B41AB9}.Debug|x86.Build.0 = Debug|x64
		{BC2BD4A9-1703-4EDE-A143-18AA21B41AB9}.Qt5Debug|x64.ActiveCfg = Debug|x64
		{BC2BD4A9-1703-4EDE-A143-18AA21B41AB9}.Qt5Debug|x64.Build.0 = Debug|x64
		{BC2BD4A9-1703-4EDE-A143-18AA21B41AB9}.Qt5Debug|x86.ActiveCfg = Debug|x64
		{BC2BD4A9-1703-4EDE-A143-18AA21B41AB9}.Qt5Debug|x86.Build.0 = Debug|x64
		{BC2BD4A9-1703-4EDE-A143-18AA21B41AB9}.Qt5Release|x64.ActiveCfg = Release|x64
		{BC2BD4A9-1703-4EDE-A143-18AA21B41AB9}.Qt5Release|x64.Build.0 = Release|x64
		{BC2BD4A9-1703-4EDE-A143-18AA21B41AB9}.Qt5Release|x86.ActiveCfg = Release|x64
		{BC2BD4A9-1703-4EDE-A143-18AA21B41AB9}.Qt5Release|x86.Build.0 = Release|x64
		{BC2BD4A9-1703-4EDE-A143-18AA21B41AB9}.Release|x64.ActiveCfg = Release|x64
		{BC2BD4A9-1703-4EDE-A143-18AA21B41AB9}.Release|x64.Build.0 = Release|x64
		{BC2BD4A9-1703-4EDE-A143-18AA21B41AB9}.Release|x86.ActiveCfg = Release|x64
		{BC2BD4A9-1703-4EDE-A143-18AA21B41AB9}.Release|x86.Build.0 = Release|x64
		{EB82BEB9-BB04-4786-B276-1D76AC2CC137}.Debug|x64.ActiveCfg = Debug|x64
		{EB82BEB9-BB04-4786-B276-1D76AC2CC137}.Debug|x64.Build.0 = Debug|x64
		{EB82BEB9-BB04-4786-B276-1D76AC2CC137}.Debug|x86.ActiveCfg = Debug|Win32
		{EB82BEB9-BB04-4786-B276-1D76AC2CC137}.Debug|x86.Build.0 = Debug|Win32
		{EB82BEB9-BB04-4786-B276-1D76AC2CC137}.Qt5Debug|x64.ActiveCfg = Qt5Debug|x64
		{EB82BEB9-BB04-4786-B276-1D76AC2CC137}.Qt5Debug|x64.Build.0 = Qt5Debug|x64
		{EB82BEB9-BB04-4786-B276-1D76AC2CC137}.Qt5Debug|x86.ActiveCfg = Qt5Debug|Win32
		{EB82BEB9-BB04-4786-B276-1D76AC2CC137}.Qt5Debug|x86.Build.0 = Qt5Debug|Win32
		{EB82BEB9-BB04-4786-B276-1D76AC2CC137}.Qt5Release|x64.ActiveCfg = Qt5Release|x64
		{EB82BEB9-BB04-4786-B276-1D76AC2CC137}.Qt5Release|x64.Build.0 = Qt5Release|x64
		{EB82BEB9-BB04-4786-B276-1D76AC2CC137}.Qt5Release|x86.ActiveCfg = Qt5Release|Win32
		{EB82BEB9-BB04-4786-B276-1D76AC2CC137}.Qt5Release|x86.Build.0 = Qt5Release|Win32
		{EB82BEB9-BB04-4786-B276-1D76AC2CC137}.Release|x64.ActiveCfg = Release|x64
		{EB82BEB9-BB04-4786-B276-1D76AC2CC137}.Release|x64.Build.0 = Release|x64
		{EB82BEB9-BB04-4786-B276-1D76AC2CC137}.Release|x86.ActiveCfg = Release|Win32
		{EB82BEB9-BB04-4786-B276-1D76AC2CC137}.Release|x86.Build.0 = Release|Win32
		{60524504-14B3-4E9B-8954-1376C170EF61}.Debug|x64.ActiveCfg = Debug|x64
		{60524504-14B3-4E9B-8954-1376C170EF61}.Debug|x64.Build.0 = Debug|x64
		{60524504-14B3-4E9B-8954-1376C170EF61}.Debug|x86.ActiveCfg = Debug|Win32
		{60524504-14B3-4E9B-8954-1376C170EF61}.Debug|x86.Build.0 = Debug|Win32
		{60524504-14B3-4E9B-8954-1376C170EF61}.Qt5Debug|x64.ActiveCfg = Qt5Debug|x64
		{60524504-14B3-4E9B-8954-1376C170EF61}.Qt5Debug|x64.Build.0 = Qt5Debug|x64
		{60524504-14B3-4E9B-8954-1376C170EF61}.Qt5Debug|x86.ActiveCfg = Qt5Debug|Win32
		{60524504-14B3-4E9B-8954-1376C170EF61}.Qt5Debug|x86.Build.0 = Qt5Debug|Win32
		{60524504-14B3-4E9B-8954-1376C170EF61}.Qt5Release|x64.ActiveCfg = Qt5Release|x64
		{60524504-14B3-4E9B-8954-1376C170EF61}.Qt5Release|x64.Build.0 = Qt5Release|x64
		{60524504-14B3-4E9B-8954-1376C170EF61}.Qt5Release|x86.ActiveCfg = Qt5Release|Win32
		{60524504-14B3-4E9B-8954-1376C170EF61}.Qt5Release|x86.Build.0 = Qt5Release|Win32
		{60524504-14B3-4E9B-8954-1376C170EF61}.Release|x64.ActiveCfg = Release|x64
		{60524504-14B3-4E9B-8954-1376C170EF61}.Release|x64.Build.0 = Release|x64
		{60524504-14B3-4E9B-8954-1376C170EF61}.Release|x86.ActiveCfg = Release|Win32
		{60524504-14B3-4E9B-8954-1376C170EF61}.Release|x86.Build.0 = Release|Win32
		{D38DE3FE-1F2F-44EA-A3F9-C159431C1F4F}.Debug|x64.ActiveCfg = Debug|x64
		{D38DE3FE-1F2F-44EA-A3F9-C159431C1F4F}.Debug|x64.Build.0 = Debug|x64
		{D38DE3FE-1F2F-44EA-A3F9-C159431C1F4F}.Debug|x86.ActiveCfg = Debug|Win32
		{D38DE3FE-1F2F-44EA-A3F9-C159431C1F4F}.Debug|x86.Build.0 = Debug|Win32
		{D38DE3FE-1F2F-44EA-A3F9-C159431C1F4F}.Qt5Debug|x64.ActiveCfg = Qt5Debug|x64
		{D38DE3FE-1F2F-44EA-A3F9-C159431C1F4F}.Qt5Debug|x64.Build.0 = Qt5Debug|x64
		{D38DE3FE-1F2F-44EA-A3F9-C159431C1F4F}.Qt5Debug|x86.ActiveCfg = Qt5Debug|Win32
		{D38DE3FE-1F2F-44EA-A3F9-C159431C1F4F}.Qt5Debug|x86.Build.0 = Qt5Debug|Win32
		{D38DE3FE-1F2F-44EA-A3F9-C159431C1F4F}.Qt5Release|x64.ActiveCfg = Qt5Release|x64
		{D38DE3FE-1F2F-44EA-A3F9-C159431C1F4F}.Qt5Release|x64.Build.0 = Qt5Release|x64
		{D38DE3FE-1F2F-44EA-A3F9-C159431C1F4F}.Qt5Release|x86.ActiveCfg = Qt5Release|Win32
		{D38DE3FE-1F2F-44EA-A3F9-C159431C1F4F}.Qt5Release|x86.Build.0 = Qt5Release|Win32
		{D38DE3FE-1F2F-44EA-A3F9-C159431C1F4F}.Release|x64.ActiveCfg = Release|x64
		{D38DE3FE-1F2F-44EA-A3F9-C159431C1F4F}.Release|x64.Build.0 = Release|x64
		{D38DE3FE-1F2F-44EA-A3F9-C159431C1F4F}.Release|x86.ActiveCfg = Release|Win32
		{D38DE3FE-1F2F-44EA-A3F9-C159431C1F4F}.Release|x86.Build.0 = Release|Win32
		{5B3DE252-EA68-44E3-B783-5F63CD920B15}.Debug|x64.ActiveCfg = Debug|x64
		{5B3DE252-EA68-44E3-B783-5F63CD920B15}.Debug|x64.Build.0 = Debug|x64
		{5B3DE252-EA68-44E3-B783-5F63CD920B15}.Debug|x86.ActiveCfg = Debug|x64
		{5B3DE252-EA68-44E3-B783-5F63CD920B15}.Debug|x86.Build.0 = Debug|x64
		{5B3DE252-EA68-44E3-B783-5F63CD920B15}.Qt5Debug|x64.ActiveCfg = Qt5Debug|x64
		{5B3DE252-EA68-44E3-B783-5F63CD920B15}.Qt5Debug|x64.Build.0 = Qt5Debug|x64
		{5B3DE252-EA68-44E3-B783-5F63CD920B15}.Qt5Debug|x86.ActiveCfg = Qt5Debug|x64
		{5B3DE252-EA68-44E3-B783-5F63CD920B15}.Qt5Debug|x86.Build.0 = Qt5Debug|x64
		{5B3DE252-EA68-44E3-B783-5F63CD920B15}.Qt5Release|x64.ActiveCfg = Qt5Release|x64
		{5B3DE252-EA68-44E3-B783-5F63CD920B15}.Qt5Release|x64.Build.0 = Qt5Release|x64
		{5B3DE252-EA68-44E3-B783-5F63CD920B15}.Qt5Release|x86.ActiveCfg = Qt5Release|x64
		{5B3DE252-EA68-44E3-B783-5F63CD920B15}.Qt5Release|x86.Build.0 = Qt5Release|x64
		{5B3DE252-EA68-44E3-B783-5F63CD920B15}.Release|x64.ActiveCfg = Release|x64
		{5B3DE252-EA68-44E3-B783-5F63CD920B15}.Release|x64.Build.0 = Release|x64
		{5B3DE252-EA68-44E3-B783-5F63CD920B15}.Release|x86.ActiveCfg = Release|x64
		{5B3DE252-EA68-44E3-B783-5F63CD920B15}.Release|x86.Build.0 = Release|x64
		{6109245D-0476-4A22-BA69-B38175E32B29}.Debug|x64.ActiveCfg = Debug|x64
		{6109245D-0476-4A22-BA69-B38175E32B29}.Debug|x64.Build.0 = Debug|x64
		{6109245D-0476-4A22-BA69-B38175E32B29}.Debug|x86.ActiveCfg = Debug|x64
		{6109245D-0476-4A22-BA69-B38175E32B29}.Debug|x86.Build.0 = Debug|x64
		{6109245D-0476-4A22-BA69-B38175E32B29}.Qt5Debug|x64.ActiveCfg = Qt5Debug|x64
		{6109245D-0476-4A22-BA69-B38175E32B29}.Qt5Debug|x64.Build.0 = Qt5Debug|x64
		{6109245D-0476-4A22-BA69-B38175E32B29}.Qt5Debug|x86.ActiveCfg = Qt5Debug|x64
		{6109245D-0476-4A22-BA69-B38175E32B29}.Qt5Debug|x86.Build.0 = Qt5Debug|x64
		{6109245D-0476-4A22-BA69-B38175E32B29}.Qt5Release|x64.ActiveCfg = Qt5Release|x64
		{6109245D-0476-4A22-BA69-B38175E32B29}.Qt5Release|x64.Build.0 = Qt5Release|x64
		{6109245D-0476-4A22-BA69-B38175E32B29}.Qt5Release|x86.ActiveCfg = Qt5Release|x64
		{6109245D-0476-4A22-BA69-B38175E32B29}.Qt5Release|x86.Build.0 = Qt5Release|x64
		{6109245D-0476-4A22-BA69-B38175E32B29}.Release|x64.ActiveCfg = Release|x64
		{6109245D-0476-4A22-BA69-B38175E32B29}.Release|x64.Build.0 = Release|x64
		{6109245D-0476-4A22-BA69-B38175E32B29}.Release|x86.ActiveCfg = Release|x64
		{6109245D-0476-4A22-BA69-B38175E32B29}.Release|x86.Build.0 = Release|x64
		{EA98EF0F-BDFE-47C3-8D37-60203985DAF9}.Debug|x64.ActiveCfg = Debug|x64
		{EA98EF0F-BDFE-47C3-8D37-60203985DAF9}.Debug|x64.Build.0 = Debug|x64
		{EA98EF0F-BDFE-47C3-8D37-60203985DAF9}.Debug|x86.ActiveCfg = Debug|x64
		{EA98EF0F-BDFE-47C3-8D37-60203985DAF9}.Debug|x86.Build.0 = Debug|x64
		{EA98EF0F-BDFE-47C3-8D37-60203985DAF9}.Qt5Debug|x64.ActiveCfg = Qt5Debug|x64
		{EA98EF0F-BDFE-47C3-8D37-60203985DAF9}.Qt5Debug|x64.Build.0 = Qt5Debug|x64
		{EA98EF0F-BDFE-47C3-8D37-60203985DAF9}.Qt5Debug|x86.ActiveCfg = Qt5Debug|x64
		{EA98EF0F-BDFE-47C3-8D37-60203985DAF9}.Qt5Debug|x86.Build.0 = Qt5Debug|x64
		{EA98EF0F-BDFE-47C3-8D37-60203985DAF9}.Qt5Release|x64.ActiveCfg = Qt5Release|x64
		{EA98EF0F-BDFE-47C3-8D37-60203985DAF9}.Qt5Release|x64.Build.0 = Qt5Release|x64
		{EA98EF0F-BDFE-47C3-8D37-60203985DAF9}.Qt5Release|x86.ActiveCfg = Qt5Release|x64
		{EA98EF0F-BDFE-47C3-8D37-60203985DAF9}.Qt5Release|x86.Build.0 = Qt5Release|x64
		{EA98EF0F-BDFE-47C3-8D37-60203985DAF9}.Release|x64.ActiveCfg = Release|x64
		{EA98EF0F-BDFE-47C3-8D37-60203985DAF9}.Release|x64.Build.0 = Release|x64
		{EA98EF0F-BDFE-47C3-8D37-60203985DAF9}.Release|x86.ActiveCfg = Release|x64
		{EA98EF0F-BDFE-47C3-8D37-60203985DAF9}.Release|x86.Build.0 = Release|x64
		{DC5AC1BC-AF8B-477F-B057-1C24C3E8CE53}.Debug|x64.ActiveCfg = Debug|x64
		{DC5AC1BC-AF8B-477F-B057-1C24C3E8CE53}.Debug|x64.Build.0 = Debug|x64
		{DC5AC1BC-AF8B-477F-B057-1C24C3E8CE53}.Debug|x86.ActiveCfg = Debug|Win32
		{DC5AC1BC-AF8B-477F-B057-1C24C3E8CE53}.Debug|x86.Build.0 = Debug|Win32
		{DC5AC1BC-AF8B-477F-B057-1C24C3E8CE53}.Qt5Debug|x64.ActiveCfg = Debug|x64
		{DC5AC1BC-AF8B-477F-B057-1C24C3E8CE53}.Qt5Debug|x64.Build.0 = Debug|x64
		{DC5AC1BC-AF8B-477F-B057-1C24C3E8CE53}.Qt5Debug|x86.ActiveCfg = Debug|Win32
		{DC5AC1BC-AF8B-477F-B057-1C24C3E8CE53}.Qt5Debug|x86.Build.0 = Debug|Win32
		{DC5AC1BC-AF8B-477F-B057-1C24C3E8CE53}.Qt5Release|x64.ActiveCfg = Release|x64
		{DC5AC1BC-AF8B-477F-B057-1C24C3E8CE53}.Qt5Release|x64.Build.0 = Release|x64
		{DC5AC1BC-AF8B-477F-B057-1C24C3E8CE53}.Qt5Release|x86.ActiveCfg = Release|Win32
		{DC5AC1BC-AF8B-477F-B057-1C24C3E8CE53}.Qt5Release|x86.Build.0 = Release|Win32
		{DC5AC1BC-AF8B-477F-B057-1C24C3E8CE53}.Release|x64.ActiveCfg = Release|x64
		{DC5AC1BC-AF8B-477F-B057-1C24C3E8CE53}.Release|x64.Build.0 = Release|x64
		{DC5AC1BC-AF8B-477F-B057-1C24C3E8CE53}.Release|x86.ActiveCfg = Release|Win32
		{DC5AC1BC-AF8B-477F-B057-1C24C3E8CE53}.Release|x86.Build.0 = Release|Win32
		{5FFB244B-F9C1-4306-AA1D-60B4BBF3DBFD}.Debug|x64.ActiveCfg = Debug|x64
		{5FFB244B-F9C1-4306-AA1D-60B4BBF3DBFD}.Debug|x64.Build.0 = Debug|x64
		{5FFB244B-F9C1-4306-AA1D-60B4BBF3DBFD}.Debug|x86.ActiveCfg = Debug|x64
		{5FFB244B-F9C1-4306-AA1D-60B4BBF3DBFD}.Debug|x86.Build.0 = Debug|x64
		{5FFB244B-F9C1-4306-AA1D-60B4BBF3DBFD}.Qt5Debug|x64.ActiveCfg = Qt5Debug|x64
		{5FFB244B-F9C1-4306-AA1D-60B4BBF3DBFD}.Qt5Debug|x64.Build.0 = Qt5Debug|x64
		{5FFB244B-F9C1-4306-AA1D-60B4BBF3DBFD}.Qt5Debug|x86.ActiveCfg = Qt5Debug|x64
		{5FFB244B-F9C1-4306-AA1D-60B4BBF3DBFD}.Qt5Debug|x86.Build.0 = Qt5Debug|x64
		{5FFB244B-F9C1-4306-AA1D-60B4BBF3DBFD}.Qt5Release|x64.ActiveCfg = Qt5Release|x64
		{5FFB244B-F9C1-4306-AA1D-60B4BBF3DBFD}.Qt5Release|x64.Build.0 = Qt5Release|x64
		{5FFB244B-F9C1-4306-AA1D-60B4BBF3DBFD}.Qt5Release|x86.ActiveCfg = Qt5Release|x64
		{5FFB244B-F9C1-4306-AA1D-60B4BBF3DBFD}.Qt5Release|x86.Build.0 = Qt5Release|x64
		{5FFB244B-F9C1-4306-AA1D-60B4BBF3DBFD}.Release|x64.ActiveCfg = Release|x64
		{5FFB244B-F9C1-4306-AA1D-60B4BBF3DBFD}.Release|x64.Build.0 = Release|x64
		{5FFB244B-F9C1-4306-AA1D-60B4BBF3DBFD}.Release|x86.ActiveCfg = Release|x64
		{5FFB244B-F9C1-4306-AA1D-60B4BBF3DBFD}.Release|x86.Build.0 = Release|x64
		{02480802-9958-45E7-8B6B-43BAF59669EA}.Debug|x64.ActiveCfg = Debug|x64
		{02480802-9958-45E7-8B6B-43BAF59669EA}.Debug|x64.Build.0 = Debug|x64
		{02480802-9958-45E7-8B6B-43BAF59669EA}.Debug|x86.ActiveCfg = Debug|x64
		{02480802-9958-45E7-8B6B-43BAF59669EA}.Debug|x86.Build.0 = Debug|x64
		{02480802-9958-45E7-8B6B-43BAF59669EA}.Qt5Debug|x64.ActiveCfg = Qt5Debug|x64
		{02480802-9958-45E7-8B6B-43BAF59669EA}.Qt5Debug|x64.Build.0 = Qt5Debug|x64
		{02480802-9958-45E7-8B6B-43BAF59669EA}.Qt5Debug|x86.ActiveCfg = Qt5Debug|x64
		{02480802-9958-45E7-8B6B-43BAF59669EA}.Qt5Debug|x86.Build.0 = Qt5Debug|x64
		{02480802-9958-45E7-8B6B-43BAF59669EA}.Qt5Release|x64.ActiveCfg = Qt5Release|x64
		{02480802-9958-45E7-8B6B-43BAF59669EA}.Qt5Release|x64.Build.0 = Qt5Release|x64
		{02480802-9958-45E7-8B6B-43BAF59669EA}.Qt5Release|x86.ActiveCfg = Qt5Release|x64
		{02480802-9958-45E7-8B6B-43BAF59669EA}.Qt5Release|x86.Build.0 = Qt5Release|x64
		{02480802-9958-45E7-8B6B-43BAF59669EA}.Release|x64.ActiveCfg = Release|x64
		{02480802-9958-45E7-8B6B-43BAF59669EA}.Release|x64.Build.0 = Release|x64
		{02480802-9958-45E7-8B6B-43BAF59669EA}.Release|x86.ActiveCfg = Release|x64
		{02480802-9958-45E7-8B6B-43BAF59669EA}.Release|x86.Build.0 = Release|x64
		{8992B252-87CC-4B6D-965E-1787D0D0822A}.Debug|x64.ActiveCfg = Debug|x64
		{8992B252-87CC-4B6D-965E-1787D0D0822A}.Debug|x64.Build.0 = Debug|x64
		{8992B252-87CC-4B6D-965E-1787D0D0822A}.Debug|x86.ActiveCfg = Debug|x64
		{8992B252-87CC-4B6D-965E-1787D0D0822A}.Debug|x86.Build.0 = Debug|x64
		{8992B252-87CC-4B6D-965E-1787D0D0822A}.Qt5Debug|x64.ActiveCfg = Qt5Debug|x64
		{8992B252-87CC-4B6D-965E-1787D0D0822A}.Qt5Debug|x64.Build.0 = Qt5Debug|x64
		{8992B252-87CC-4B6D-965E-1787D0D0822A}.Qt5Debug|x86.ActiveCfg = Qt5Debug|x64
		{8992B252-87CC-4B6D-965E-1787D0D0822A}.Qt5Debug|x86.Build.0 = Qt5Debug|x64
		{8992B252-87CC-4B6D-965E-1787D0D0822A}.Qt5Release|x64.ActiveCfg = Qt5Release|x64
		{8992B252-87CC-4B6D-965E-1787D0D0822A}.Qt5Release|x64.Build.0 = Qt5Release|x64
		{8992B252-87CC-4B6D-965E-1787D0D0822A}.Qt5Release|x86.ActiveCfg = Qt5Release|x64
		{8992B252-87CC-4B6D-965E-1787D0D0822A}.Qt5Release|x86.Build.0 = Qt5Release|x64
		{8992B252-87CC-4B6D-965E-1787D0D0822A}.Release|x64.ActiveCfg = Release|x64
		{8992B252-87CC-4B6D-965E-1787D0D0822A}.Release|x64.Build.0 = Release|x64
		{8992B252-87CC-4B6D-965E-1787D0D0822A}.Release|x86.ActiveCfg = Release|x64
		{8992B252-87CC-4B6D-965E-1787D0D0822A}.Release|x86.Build.0 = Release|x64
		{1705B3FB-44D9-4FB2-AE46-03ACDAF4A3D9}.Debug|x64.ActiveCfg = Debug|x64
		{1705B3FB-44D9-4FB2-AE46-03ACDAF4A3D9}.Debug|x64.Build.0 = Debug|x64
		{1705B3FB-44D9-4FB2-AE46-03ACDAF4A3D9}.Debug|x86.ActiveCfg = Debug|x64
		{1705B3FB-44D9-4FB2-AE46-03ACDAF4A3D9}.Debug|x86.Build.0 = Debug|x64
		{1705B3FB-44D9-4FB2-AE46-03ACDAF4A3D9}.Qt5Debug|x64.ActiveCfg = Qt5Debug|x64
		{1705B3FB-44D9-4FB2-AE46-03ACDAF4A3D9}.Qt5Debug|x64.Build.0 = Qt5Debug|x64
		{1705B3FB-44D9-4FB2-AE46-03ACDAF4A3D9}.Qt5Debug|x86.ActiveCfg = Qt5Debug|x64
		{1705B3FB-44D9-4FB2-AE46-03ACDAF4A3D9}.Qt5Debug|x86.Build.0 = Qt5Debug|x64
		{1705B3FB-44D9-4FB2-AE46-03ACDAF4A3D9}.Qt5Release|x64.ActiveCfg = Qt5Release|x64
		{1705B3FB-44D9-4FB2-AE46-03ACDAF4A3D9}.Qt5Release|x64.Build.0 = Qt5Release|x64
		{1705B3FB-44D9-4FB2-AE46-03ACDAF4A3D9}.Qt5Release|x86.ActiveCfg = Qt5Release|x64
		{1705B3FB-44D9-4FB2-AE46-03ACDAF4A3D9}.Qt5Release|x86.Build.0 = Qt5Release|x64
		{1705B3FB-44D9-4FB2-AE46-03ACDAF4A3D9}.Release|x64.ActiveCfg = Release|x64
		{1705B3FB-44D9-4FB2-AE46-03ACDAF4A3D9}.Release|x64.Build.0 = Release|x64
		{1705B3FB-44D9-4FB2-AE46-03ACDAF4A3D9}.Release|x86.ActiveCfg = Release|x64
		{1705B3FB-44D9-4FB2-AE46-03ACDAF4A3D9}.Release|x86.Build.0 = Release|x64
		{D5F16896-B952-4089-9370-CBB95278A095}.Debug|x64.ActiveCfg = Debug|x64
		{D5F16896-B952-4089-9370-CBB95278A095}.Debug|x64.Build.0 = Debug|x64
		{D5F16896-B952-4089-9370-CBB95278A095}.Debug|x86.ActiveCfg = Debug|x64
		{D5F16896-B952-4089-9370-CBB95278A095}.Debug|x86.Build.0 = Debug|x64
		{D5F16896-B952-4089-9370-CBB95278A095}.Qt5Debug|x64.ActiveCfg = Qt5Debug|x64
		{D5F16896-B952-4089-9370-CBB95278A095}.Qt5Debug|x64.Build.0 = Qt5Debug|x64
		{D5F16896-B952-4089-9370-CBB95278A095}.Qt5Debug|x86.ActiveCfg = Qt5Debug|x64
		{D5F16896-B952-4089-9370-CBB95278A095}.Qt5Debug|x86.Build.0 = Qt5Debug|x64
		{D5F16896-B952-4089-9370-CBB95278A095}.Qt5Release|x64.ActiveCfg = Qt5Release|x64
		{D5F16896-B952-4089-9370-CBB95278A095}.Qt5Release|x64.Build.0 = Qt5Release|x64
		{D5F16896-B952-4089-9370-CBB95278A095}.Qt5Release|x86.ActiveCfg = Qt5Release|x64
		{D5F16896-B952-4089-9370-CBB95278A095}.Qt5Release|x86.Build.0 = Qt5Release|x64
		{D5F16896-B952-4089-9370-CBB95278A095}.Release|x64.ActiveCfg = Release|x64
		{D5F16896-B952-4089-9370-CBB95278A095}.Release|x64.Build.0 = Release|x64
		{D5F16896-B952-4089-9370-CBB95278A095}.Release|x86.ActiveCfg = Release|x64
		{D5F16896-B952-4089-9370-CBB95278A095}.Release|x86.Build.0 = Release|x64
		{4D71BF2E-541A-4E75-A15B-960A03D242A1}.Debug|x64.ActiveCfg = Debug|x64
		{4D71BF2E-541A-4E75-A15B-960A03D242A1}.Debug|x64.Build.0 = Debug|x64
		{4D71BF2E-541A-4E75-A15B-960A03D242A1}.Debug|x86.ActiveCfg = Debug|x64
		{4D71BF2E-541A-4E75-A15B-960A03D242A1}.Debug|x86.Build.0 = Debug|x64
		{4D71BF2E-541A-4E75-A15B-960A03D242A1}.Qt5Debug|x64.ActiveCfg = Qt5Debug|x64
		{4D71BF2E-541A-4E75-A15B-960A03D242A1}.Qt5Debug|x64.Build.0 = Qt5Debug|x64
		{4D71BF2E-541A-4E75-A15B-960A03D242A1}.Qt5Debug|x86.ActiveCfg = Qt5Debug|x64
		{4D71BF2E-541A-4E75-A15B-960A03D242A1}.Qt5Debug|x86.Build.0 = Qt5Debug|x64
		{4D71BF2E-541A-4E75-A15B-960A03D242A1}.Qt5Release|x64.ActiveCfg = Qt5Release|x64
		{4D71BF2E-541A-4E75-A15B-960A03D242A1}.Qt5Release|x64.Build.0 = Qt5Release|x64
		{4D71BF2E-541A-4E75-A15B-960A03D242A1}.Qt5Release|x86.ActiveCfg = Qt5Release|x64
		{4D71BF2E-541A-4E75-A15B-960A03D242A1}.Qt5Release|x86.Build.0 = Qt5Release|x64
		{4D71BF2E-541A-4E75-A15B-960A03D242A1}.Release|x64.ActiveCfg = Release|x64
		{4D71BF2E-541A-4E75-A15B-960A03D242A1}.Release|x64.Build.0 = Release|x64
		{4D71BF2E-541A-4E75-A15B-960A03D242A1}.Release|x86.ActiveCfg = Release|x64
		{4D71BF2E-541A-4E75-A15B-960A03D242A1}.Release|x86.Build.0 = Release|x64
		{6481E78A-2E78-4E65-B975-B908FD00D9D7}.Debug|x64.ActiveCfg = Debug|x64
		{6481E78A-2E78-4E65-B975-B908FD00D9D7}.Debug|x64.Build.0 = Debug|x64
		{6481E78A-2E78-4E65-B975-B908FD00D9D7}.Debug|x86.ActiveCfg = Debug|x64
		{6481E78A-2E78-4E65-B975-B908FD00D9D7}.Debug|x86.Build.0 = Debug|x64
		{6481E78A-2E78-4E65-B975-B908FD00D9D7}.Qt5Debug|x64.ActiveCfg = Qt5Debug|x64
		{6481E78A-2E78-4E65-B975-B908FD00D9D7}.Qt5Debug|x64.Build.0 = Qt5Debug|x64
		{6481E78A-2E78-4E65-B975-B908FD00D9D7}.Qt5Debug|x86.ActiveCfg = Qt5Debug|x64
		{6481E78A-2E78-4E65-B975-B908FD00D9D7}.Qt5Debug|x86.Build.0 = Qt5Debug|x64
		{6481E78A-2E78-4E65-B975-B908FD00D9D7}.Qt5Release|x64.ActiveCfg = Qt5Release|x64
		{6481E78A-2E78-4E65-B975-B908FD00D9D7}.Qt5Release|x64.Build.0 = Qt5Release|x64
		{6481E78A-2E78-4E65-B975-B908FD00D9D7}.Qt5Release|x86.ActiveCfg = Qt5Release|x64
		{6481E78A-2E78-4E65-B975-B908FD00D9D7}.Qt5Release|x86.Build.0 = Qt5Release|x64
		{6481E78A-2E78-4E65-B975-B908FD00D9D7}.Release|x64.ActiveCfg = Release|x64
		{6481E78A-2E78-4E65-B975-B908FD00D9D7}.Release|x64.Build.0 = Release|x64
		{6481E78A-2E78-4E65-B975-B908FD00D9D7}.Release|x86.ActiveCfg = Release|x64
		{6481E78A-2E78-4E65-B975-B908FD00D9D7}.Release|x86.Build.0 = Release|x64
		{F9C18626-2D46-4A77-AD8B-9D8650F7D913}.Debug|x64.ActiveCfg = Debug|x64
		{F9C18626-2D46-4A77-AD8B-9D8650F7D913}.Debug|x64.Build.0 = Debug|x64
		{F9C18626-2D46-4A77-AD8B-9D8650F7D913}.Debug|x86.ActiveCfg = Debug|x64
		{F9C18626-2D46-4A77-AD8B-9D8650F7D913}.Debug|x86.Build.0 = Debug|x64
		{F9C18626-2D46-4A77-AD8B-9D8650F7D913}.Qt5Debug|x64.ActiveCfg = Qt5Debug|x64
		{F9C18626-2D46-4A77-AD8B-9D8650F7D913}.Qt5Debug|x64.Build.0 = Qt5Debug|x64
		{F9C18626-2D46-4A77-AD8B-9D8650F7D913}.Qt5Debug|x86.ActiveCfg = Qt5Debug|x64
		{F9C18626-2D46-4A77-AD8B-9D8650F7D913}.Qt5Debug|x86.Build.0 = Qt5Debug|x64
		{F9C18626-2D46-4A77-AD8B-9D8650F7D913}.Qt5Release|x64.ActiveCfg = Qt5Release|x64
		{F9C18626-2D46-4A77-AD8B-9D8650F7D913}.Qt5Release|x64.Build.0 = Qt5Release|x64
		{F9C18626-2D46-4A77-AD8B-9D8650F7D913}.Qt5Release|x86.ActiveCfg = Qt5Release|x64
		{F9C18626-2D46-4A77-AD8B-9D8650F7D913}.Qt5Release|x86.Build.0 = Qt5Release|x64
		{F9C18626-2D46-4A77-AD8B-9D8650F7D913}.Release|x64.ActiveCfg = Release|x64
		{F9C18626-2D46-4A77-AD8B-9D8650F7D913}.Release|x64.Build.0 = Release|x64
		{F9C18626-2D46-4A77-AD8B-9D8650F7D913}.Release|x86.ActiveCfg = Release|x64
		{F9C18626-2D46-4A77-AD8B-9D8650F7D913}.Release|x86.Build.0 = Release|x64
		{DA21A00B-BBA5-4E53-960F-F4D9F75FB5BD}.Debug|x64.ActiveCfg = Debug|Win32
		{DA21A00B-BBA5-4E53-960F-F4D9F75FB5BD}.Debug|x64.Build.0 = Debug|Win32
		{DA21A00B-BBA5-4E53-960F-F4D9F75FB5BD}.Debug|x86.ActiveCfg = Debug|Win32
		{DA21A00B-BBA5-4E53-960F-F4D9F75FB5BD}.Debug|x86.Build.0 = Debug|Win32
		{DA21A00B-BBA5-4E53-960F-F4D9F75FB5BD}.Qt5Debug|x64.ActiveCfg = Qt5Debug|Win32
		{DA21A00B-BBA5-4E53-960F-F4D9F75FB5BD}.Qt5Debug|x64.Build.0 = Qt5Debug|Win32
		{DA21A00B-BBA5-4E53-960F-F4D9F75FB5BD}.Qt5Debug|x86.ActiveCfg = Qt5Debug|Win32
		{DA21A00B-BBA5-4E53-960F-F4D9F75FB5BD}.Qt5Debug|x86.Build.0 = Qt5Debug|Win32
		{DA21A00B-BBA5-4E53-960F-F4D9F75FB5BD}.Qt5Release|x64.ActiveCfg = Qt5Release|Win32
		{DA21A00B-BBA5-4E53-960F-F4D9F75FB5BD}.Qt5Release|x64.Build.0 = Qt5Release|Win32
		{DA21A00B-BBA5-4E53-960F-F4D9F75FB5BD}.Qt5Release|x86.ActiveCfg = Qt5Release|Win32
		{DA21A00B-BBA5-4E53-960F-F4D9F75FB5BD}.Qt5Release|x86.Build.0 = Qt5Release|Win32
		{DA21A00B-BBA5-4E53-960F-F4D9F75FB5BD}.Release|x64.ActiveCfg = Release|Win32
		{DA21A00B-BBA5-4E53-960F-F4D9F75FB5BD}.Release|x64.Build.0 = Release|Win32
		{DA21A00B-BBA5-4E53-960F-F4D9F75FB5BD}.Release|x86.ActiveCfg = Release|Win32
		{DA21A00B-BBA5-4E53-960F-F4D9F75FB5BD}.Release|x86.Build.0 = Release|Win32
		{04AE4451-53E2-489E-B99B-F8FB8DC3BAB1}.Debug|x64.ActiveCfg = Debug|x64
		{04AE4451-53E2-489E-B99B-F8FB8DC3BAB1}.Debug|x64.Build.0 = Debug|x64
		{04AE4451-53E2-489E-B99B-F8FB8DC3BAB1}.Debug|x86.ActiveCfg = Debug|x64
		{04AE4451-53E2-489E-B99B-F8FB8DC3BAB1}.Debug|x86.Build.0 = Debug|x64
		{04AE4451-53E2-489E-B99B-F8FB8DC3BAB1}.Qt5Debug|x64.ActiveCfg = Qt5Debug|x64
		{04AE4451-53E2-489E-B99B-F8FB8DC3BAB1}.Qt5Debug|x64.Build.0 = Qt5Debug|x64
		{04AE4451-53E2-489E-B99B-F8FB8DC3BAB1}.Qt5Debug|x86.ActiveCfg = Qt5Debug|x64
		{04AE4451-53E2-489E-B99B-F8FB8DC3BAB1}.Qt5Debug|x86.Build.0 = Qt5Debug|x64
		{04AE4451-53E2-489E-B99B-F8FB8DC3BAB1}.Qt5Release|x64.ActiveCfg = Qt5Release|x64
		{04AE4451-53E2-489E-B99B-F8FB8DC3BAB1}.Qt5Release|x64.Build.0 = Qt5Release|x64
		{04AE4451-53E2-489E-B99B-F8FB8DC3BAB1}.Qt5Release|x86.ActiveCfg = Qt5Release|x64
		{04AE4451-53E2-489E-B99B-F8FB8DC3BAB1}.Qt5Release|x86.Build.0 = Qt5Release|x64
		{04AE4451-53E2-489E-B99B-F8FB8DC3BAB1}.Release|x64.ActiveCfg = Release|x64
		{04AE4451-53E2-489E-B99B-F8FB8DC3BAB1}.Release|x64.Build.0 = Release|x64
		{04AE4451-53E2-489E-B99B-F8FB8DC3BAB1}.Release|x86.ActiveCfg = Release|x64
		{04AE4451-53E2-489E-B99B-F8FB8DC3BAB1}.Release|x86.Build.0 = Release|x64
		{46E31CBB-10E9-44EA-9001-36FDBF24E834}.Debug|x64.ActiveCfg = Debug|x64
		{46E31CBB-10E9-44EA-9001-36FDBF24E834}.Debug|x64.Build.0 = Debug|x64
		{46E31CBB-10E9-44EA-9001-36FDBF24E834}.Debug|x86.ActiveCfg = Debug|x64
		{46E31CBB-10E9-44EA-9001-36FDBF24E834}.Debug|x86.Build.0 = Debug|x64
		{46E31CBB-10E9-44EA-9001-36FDBF24E834}.Qt5Debug|x64.ActiveCfg = Debug|x64
		{46E31CBB-10E9-44EA-9001-36FDBF24E834}.Qt5Debug|x64.Build.0 = Debug|x64
		{46E31CBB-10E9-44EA-9001-36FDBF24E834}.Qt5Debug|x86.ActiveCfg = Debug|x64
		{46E31CBB-10E9-44EA-9001-36FDBF24E834}.Qt5Debug|x86.Build.0 = Debug|x64
		{46E31CBB-10E9-44EA-9001-36FDBF24E834}.Qt5Release|x64.ActiveCfg = Release|x64
		{46E31CBB-10E9-44EA-9001-36FDBF24E834}.Qt5Release|x64.Build.0 = Release|x64
		{46E31CBB-10E9-44EA-9001-36FDBF24E834}.Qt5Release|x86.ActiveCfg = Release|x64
		{46E31CBB-10E9-44EA-9001-36FDBF24E834}.Qt5Release|x86.Build.0 = Release|x64
		{46E31CBB-10E9-44EA-9001-36FDBF24E834}.Release|x64.ActiveCfg = Release|x64
		{46E31CBB-10E9-44EA-9001-36FDBF24E834}.Release|x64.Build.0 = Release|x64
		{46E31CBB-10E9-44EA-9001-36FDBF24E834}.Release|x86.ActiveCfg = Release|x64
		{46E31CBB-10E9-44EA-9001-36FDBF24E834}.Release|x86.Build.0 = Release|x64
	EndGlobalSection
	GlobalSection(SolutionProperties) = preSolution
		HideSolutionNode = FALSE
	EndGlobalSection
	GlobalSection(ExtensibilityGlobals) = postSolution
		SolutionGuid = {B378C048-CBB0-4BA0-9C6B-D685BC38AE89}
	EndGlobalSection
EndGlobal
